// !$*UTF8*$!
{
	archiveVersion = 1;
	classes = {
	};
	objectVersion = 55;
	objects = {

/* Begin PBXBuildFile section */
		852D20A227738E8F00B74CFF /* AppDelegate.swift in Sources */ = {isa = PBXBuildFile; fileRef = 852D20A127738E8F00B74CFF /* AppDelegate.swift */; };
		852D20A427738E8F00B74CFF /* SceneDelegate.swift in Sources */ = {isa = PBXBuildFile; fileRef = 852D20A327738E8F00B74CFF /* SceneDelegate.swift */; };
		852D20A927738E8F00B74CFF /* Main.storyboard in Resources */ = {isa = PBXBuildFile; fileRef = 852D20A727738E8F00B74CFF /* Main.storyboard */; };
		852D20AB27738E9700B74CFF /* Assets.xcassets in Resources */ = {isa = PBXBuildFile; fileRef = 852D20AA27738E9700B74CFF /* Assets.xcassets */; };
		852D20AE27738E9700B74CFF /* LaunchScreen.storyboard in Resources */ = {isa = PBXBuildFile; fileRef = 852D20AC27738E9700B74CFF /* LaunchScreen.storyboard */; };
		852D20B62773931000B74CFF /* PersonsListViewController.swift in Sources */ = {isa = PBXBuildFile; fileRef = 852D20B52773931000B74CFF /* PersonsListViewController.swift */; };
		852D20B82773933600B74CFF /* PersonsDetailListViewController.swift in Sources */ = {isa = PBXBuildFile; fileRef = 852D20B72773933600B74CFF /* PersonsDetailListViewController.swift */; };
		852D20BA2773965B00B74CFF /* PersonInfoViewController.swift in Sources */ = {isa = PBXBuildFile; fileRef = 852D20B92773965B00B74CFF /* PersonInfoViewController.swift */; };
		852D20C2277397A100B74CFF /* DataManager.swift in Sources */ = {isa = PBXBuildFile; fileRef = 852D20C1277397A100B74CFF /* DataManager.swift */; };
		852D20C4277397AB00B74CFF /* Person.swift in Sources */ = {isa = PBXBuildFile; fileRef = 852D20C3277397AB00B74CFF /* Person.swift */; };
		85D73C642774E3E000BE7DA5 /* TabBarViewController.swift in Sources */ = {isa = PBXBuildFile; fileRef = 85D73C632774E3DF00BE7DA5 /* TabBarViewController.swift */; };
/* End PBXBuildFile section */

/* Begin PBXFileReference section */
		852D209E27738E8F00B74CFF /* HW_2.7.app */ = {isa = PBXFileReference; explicitFileType = wrapper.application; includeInIndex = 0; path = HW_2.7.app; sourceTree = BUILT_PRODUCTS_DIR; };
		852D20A127738E8F00B74CFF /* AppDelegate.swift */ = {isa = PBXFileReference; lastKnownFileType = sourcecode.swift; path = AppDelegate.swift; sourceTree = "<group>"; };
		852D20A327738E8F00B74CFF /* SceneDelegate.swift */ = {isa = PBXFileReference; lastKnownFileType = sourcecode.swift; path = SceneDelegate.swift; sourceTree = "<group>"; };
		852D20A827738E8F00B74CFF /* Base */ = {isa = PBXFileReference; lastKnownFileType = file.storyboard; name = Base; path = Base.lproj/Main.storyboard; sourceTree = "<group>"; };
		852D20AA27738E9700B74CFF /* Assets.xcassets */ = {isa = PBXFileReference; lastKnownFileType = folder.assetcatalog; path = Assets.xcassets; sourceTree = "<group>"; };
		852D20AD27738E9700B74CFF /* Base */ = {isa = PBXFileReference; lastKnownFileType = file.storyboard; name = Base; path = Base.lproj/LaunchScreen.storyboard; sourceTree = "<group>"; };
		852D20AF27738E9700B74CFF /* Info.plist */ = {isa = PBXFileReference; lastKnownFileType = text.plist.xml; path = Info.plist; sourceTree = "<group>"; };
		852D20B52773931000B74CFF /* PersonsListViewController.swift */ = {isa = PBXFileReference; lastKnownFileType = sourcecode.swift; path = PersonsListViewController.swift; sourceTree = "<group>"; };
		852D20B72773933600B74CFF /* PersonsDetailListViewController.swift */ = {isa = PBXFileReference; lastKnownFileType = sourcecode.swift; path = PersonsDetailListViewController.swift; sourceTree = "<group>"; };
		852D20B92773965B00B74CFF /* PersonInfoViewController.swift */ = {isa = PBXFileReference; lastKnownFileType = sourcecode.swift; path = PersonInfoViewController.swift; sourceTree = "<group>"; };
		852D20C1277397A100B74CFF /* DataManager.swift */ = {isa = PBXFileReference; lastKnownFileType = sourcecode.swift; path = DataManager.swift; sourceTree = "<group>"; };
		852D20C3277397AB00B74CFF /* Person.swift */ = {isa = PBXFileReference; lastKnownFileType = sourcecode.swift; path = Person.swift; sourceTree = "<group>"; };
		85D73C632774E3DF00BE7DA5 /* TabBarViewController.swift */ = {isa = PBXFileReference; lastKnownFileType = sourcecode.swift; path = TabBarViewController.swift; sourceTree = "<group>"; };
/* End PBXFileReference section */

/* Begin PBXFrameworksBuildPhase section */
		852D209B27738E8F00B74CFF /* Frameworks */ = {
			isa = PBXFrameworksBuildPhase;
			buildActionMask = 2147483647;
			files = (
			);
			runOnlyForDeploymentPostprocessing = 0;
		};
/* End PBXFrameworksBuildPhase section */

/* Begin PBXGroup section */
		852D209527738E8F00B74CFF = {
			isa = PBXGroup;
			children = (
				852D20A027738E8F00B74CFF /* HW_2.7 */,
				852D209F27738E8F00B74CFF /* Products */,
			);
			sourceTree = "<group>";
		};
		852D209F27738E8F00B74CFF /* Products */ = {
			isa = PBXGroup;
			children = (
				852D209E27738E8F00B74CFF /* HW_2.7.app */,
			);
			name = Products;
			sourceTree = "<group>";
		};
		852D20A027738E8F00B74CFF /* HW_2.7 */ = {
			isa = PBXGroup;
			children = (
				852D20BD2773974800B74CFF /* Stroyboards */,
				852D20BE2773975F00B74CFF /* View Controllers */,
				852D20C02773978C00B74CFF /* Services */,
				852D20BF2773976800B74CFF /* Models */,
				852D20BC2773973800B74CFF /* Resources */,
				852D20BB2773971500B74CFF /* App */,
			);
			path = HW_2.7;
			sourceTree = "<group>";
		};
		852D20BB2773971500B74CFF /* App */ = {
			isa = PBXGroup;
			children = (
				852D20AF27738E9700B74CFF /* Info.plist */,
				852D20A327738E8F00B74CFF /* SceneDelegate.swift */,
				852D20A127738E8F00B74CFF /* AppDelegate.swift */,
			);
			path = App;
			sourceTree = "<group>";
		};
		852D20BC2773973800B74CFF /* Resources */ = {
			isa = PBXGroup;
			children = (
				852D20AA27738E9700B74CFF /* Assets.xcassets */,
			);
			path = Resources;
			sourceTree = "<group>";
		};
		852D20BD2773974800B74CFF /* Stroyboards */ = {
			isa = PBXGroup;
			children = (
				852D20A727738E8F00B74CFF /* Main.storyboard */,
				852D20AC27738E9700B74CFF /* LaunchScreen.storyboard */,
			);
			path = Stroyboards;
			sourceTree = "<group>";
		};
		852D20BE2773975F00B74CFF /* View Controllers */ = {
			isa = PBXGroup;
			children = (
				852D20B52773931000B74CFF /* PersonsListViewController.swift */,
				852D20B72773933600B74CFF /* PersonsDetailListViewController.swift */,
				852D20B92773965B00B74CFF /* PersonInfoViewController.swift */,
				85D73C632774E3DF00BE7DA5 /* TabBarViewController.swift */,
			);
			path = "View Controllers";
			sourceTree = "<group>";
		};
		852D20BF2773976800B74CFF /* Models */ = {
			isa = PBXGroup;
			children = (
				852D20C3277397AB00B74CFF /* Person.swift */,
			);
			path = Models;
			sourceTree = "<group>";
		};
		852D20C02773978C00B74CFF /* Services */ = {
			isa = PBXGroup;
			children = (
				852D20C1277397A100B74CFF /* DataManager.swift */,
			);
			path = Services;
			sourceTree = "<group>";
		};
/* End PBXGroup section */

/* Begin PBXNativeTarget section */
		852D209D27738E8F00B74CFF /* HW_2.7 */ = {
			isa = PBXNativeTarget;
			buildConfigurationList = 852D20B227738E9700B74CFF /* Build configuration list for PBXNativeTarget "HW_2.7" */;
			buildPhases = (
				852D209A27738E8F00B74CFF /* Sources */,
				852D209B27738E8F00B74CFF /* Frameworks */,
				852D209C27738E8F00B74CFF /* Resources */,
			);
			buildRules = (
			);
			dependencies = (
			);
			name = HW_2.7;
			productName = HW_2.7;
			productReference = 852D209E27738E8F00B74CFF /* HW_2.7.app */;
			productType = "com.apple.product-type.application";
		};
/* End PBXNativeTarget section */

/* Begin PBXProject section */
		852D209627738E8F00B74CFF /* Project object */ = {
			isa = PBXProject;
			attributes = {
				BuildIndependentTargetsInParallel = 1;
				LastSwiftUpdateCheck = 1310;
				LastUpgradeCheck = 1310;
				TargetAttributes = {
					852D209D27738E8F00B74CFF = {
						CreatedOnToolsVersion = 13.1;
					};
				};
			};
			buildConfigurationList = 852D209927738E8F00B74CFF /* Build configuration list for PBXProject "HW_2.7" */;
			compatibilityVersion = "Xcode 13.0";
			developmentRegion = en;
			hasScannedForEncodings = 0;
			knownRegions = (
				en,
				Base,
			);
			mainGroup = 852D209527738E8F00B74CFF;
			productRefGroup = 852D209F27738E8F00B74CFF /* Products */;
			projectDirPath = "";
			projectRoot = "";
			targets = (
				852D209D27738E8F00B74CFF /* HW_2.7 */,
			);
		};
/* End PBXProject section */

/* Begin PBXResourcesBuildPhase section */
		852D209C27738E8F00B74CFF /* Resources */ = {
			isa = PBXResourcesBuildPhase;
			buildActionMask = 2147483647;
			files = (
				852D20AE27738E9700B74CFF /* LaunchScreen.storyboard in Resources */,
				852D20AB27738E9700B74CFF /* Assets.xcassets in Resources */,
				852D20A927738E8F00B74CFF /* Main.storyboard in Resources */,
			);
			runOnlyForDeploymentPostprocessing = 0;
		};
/* End PBXResourcesBuildPhase section */

/* Begin PBXSourcesBuildPhase section */
		852D209A27738E8F00B74CFF /* Sources */ = {
			isa = PBXSourcesBuildPhase;
			buildActionMask = 2147483647;
			files = (
				85D73C642774E3E000BE7DA5 /* TabBarViewController.swift in Sources */,
				852D20BA2773965B00B74CFF /* PersonInfoViewController.swift in Sources */,
				852D20C2277397A100B74CFF /* DataManager.swift in Sources */,
				852D20B82773933600B74CFF /* PersonsDetailListViewController.swift in Sources */,
				852D20A227738E8F00B74CFF /* AppDelegate.swift in Sources */,
				852D20C4277397AB00B74CFF /* Person.swift in Sources */,
				852D20B62773931000B74CFF /* PersonsListViewController.swift in Sources */,
				852D20A427738E8F00B74CFF /* SceneDelegate.swift in Sources */,
			);
			runOnlyForDeploymentPostprocessing = 0;
		};
/* End PBXSourcesBuildPhase section */

/* Begin PBXVariantGroup section */
		852D20A727738E8F00B74CFF /* Main.storyboard */ = {
			isa = PBXVariantGroup;
			children = (
				852D20A827738E8F00B74CFF /* Base */,
			);
			name = Main.storyboard;
			sourceTree = "<group>";
		};
		852D20AC27738E9700B74CFF /* LaunchScreen.storyboard */ = {
			isa = PBXVariantGroup;
			children = (
				852D20AD27738E9700B74CFF /* Base */,
			);
			name = LaunchScreen.storyboard;
			sourceTree = "<group>";
		};
/* End PBXVariantGroup section */

/* Begin XCBuildConfiguration section */
		852D20B027738E9700B74CFF /* Debug */ = {
			isa = XCBuildConfiguration;
			buildSettings = {
				ALWAYS_SEARCH_USER_PATHS = NO;
				CLANG_ANALYZER_NONNULL = YES;
				CLANG_ANALYZER_NUMBER_OBJECT_CONVERSION = YES_AGGRESSIVE;
				CLANG_CXX_LANGUAGE_STANDARD = "gnu++17";
				CLANG_CXX_LIBRARY = "libc++";
				CLANG_ENABLE_MODULES = YES;
				CLANG_ENABLE_OBJC_ARC = YES;
				CLANG_ENABLE_OBJC_WEAK = YES;
				CLANG_WARN_BLOCK_CAPTURE_AUTORELEASING = YES;
				CLANG_WARN_BOOL_CONVERSION = YES;
				CLANG_WARN_COMMA = YES;
				CLANG_WARN_CONSTANT_CONVERSION = YES;
				CLANG_WARN_DEPRECATED_OBJC_IMPLEMENTATIONS = YES;
				CLANG_WARN_DIRECT_OBJC_ISA_USAGE = YES_ERROR;
				CLANG_WARN_DOCUMENTATION_COMMENTS = YES;
				CLANG_WARN_EMPTY_BODY = YES;
				CLANG_WARN_ENUM_CONVERSION = YES;
				CLANG_WARN_INFINITE_RECURSION = YES;
				CLANG_WARN_INT_CONVERSION = YES;
				CLANG_WARN_NON_LITERAL_NULL_CONVERSION = YES;
				CLANG_WARN_OBJC_IMPLICIT_RETAIN_SELF = YES;
				CLANG_WARN_OBJC_LITERAL_CONVERSION = YES;
				CLANG_WARN_OBJC_ROOT_CLASS = YES_ERROR;
				CLANG_WARN_QUOTED_INCLUDE_IN_FRAMEWORK_HEADER = YES;
				CLANG_WARN_RANGE_LOOP_ANALYSIS = YES;
				CLANG_WARN_STRICT_PROTOTYPES = YES;
				CLANG_WARN_SUSPICIOUS_MOVE = YES;
				CLANG_WARN_UNGUARDED_AVAILABILITY = YES_AGGRESSIVE;
				CLANG_WARN_UNREACHABLE_CODE = YES;
				CLANG_WARN__DUPLICATE_METHOD_MATCH = YES;
				COPY_PHASE_STRIP = NO;
				DEBUG_INFORMATION_FORMAT = dwarf;
				ENABLE_STRICT_OBJC_MSGSEND = YES;
				ENABLE_TESTABILITY = YES;
				GCC_C_LANGUAGE_STANDARD = gnu11;
				GCC_DYNAMIC_NO_PIC = NO;
				GCC_NO_COMMON_BLOCKS = YES;
				GCC_OPTIMIZATION_LEVEL = 0;
				GCC_PREPROCESSOR_DEFINITIONS = (
					"DEBUG=1",
					"$(inherited)",
				);
				GCC_WARN_64_TO_32_BIT_CONVERSION = YES;
				GCC_WARN_ABOUT_RETURN_TYPE = YES_ERROR;
				GCC_WARN_UNDECLARED_SELECTOR = YES;
				GCC_WARN_UNINITIALIZED_AUTOS = YES_AGGRESSIVE;
				GCC_WARN_UNUSED_FUNCTION = YES;
				GCC_WARN_UNUSED_VARIABLE = YES;
				IPHONEOS_DEPLOYMENT_TARGET = 15.0;
				MTL_ENABLE_DEBUG_INFO = INCLUDE_SOURCE;
				MTL_FAST_MATH = YES;
				ONLY_ACTIVE_ARCH = YES;
				SDKROOT = iphoneos;
				SWIFT_ACTIVE_COMPILATION_CONDITIONS = DEBUG;
				SWIFT_OPTIMIZATION_LEVEL = "-Onone";
			};
			name = Debug;
		};
		852D20B127738E9700B74CFF /* Release */ = {
			isa = XCBuildConfiguration;
			buildSettings = {
				ALWAYS_SEARCH_USER_PATHS = NO;
				CLANG_ANALYZER_NONNULL = YES;
				CLANG_ANALYZER_NUMBER_OBJECT_CONVERSION = YES_AGGRESSIVE;
				CLANG_CXX_LANGUAGE_STANDARD = "gnu++17";
				CLANG_CXX_LIBRARY = "libc++";
				CLANG_ENABLE_MODULES = YES;
				CLANG_ENABLE_OBJC_ARC = YES;
				CLANG_ENABLE_OBJC_WEAK = YES;
				CLANG_WARN_BLOCK_CAPTURE_AUTORELEASING = YES;
				CLANG_WARN_BOOL_CONVERSION = YES;
				CLANG_WARN_COMMA = YES;
				CLANG_WARN_CONSTANT_CONVERSION = YES;
				CLANG_WARN_DEPRECATED_OBJC_IMPLEMENTATIONS = YES;
				CLANG_WARN_DIRECT_OBJC_ISA_USAGE = YES_ERROR;
				CLANG_WARN_DOCUMENTATION_COMMENTS = YES;
				CLANG_WARN_EMPTY_BODY = YES;
				CLANG_WARN_ENUM_CONVERSION = YES;
				CLANG_WARN_INFINITE_RECURSION = YES;
				CLANG_WARN_INT_CONVERSION = YES;
				CLANG_WARN_NON_LITERAL_NULL_CONVERSION = YES;
				CLANG_WARN_OBJC_IMPLICIT_RETAIN_SELF = YES;
				CLANG_WARN_OBJC_LITERAL_CONVERSION = YES;
				CLANG_WARN_OBJC_ROOT_CLASS = YES_ERROR;
				CLANG_WARN_QUOTED_INCLUDE_IN_FRAMEWORK_HEADER = YES;
				CLANG_WARN_RANGE_LOOP_ANALYSIS = YES;
				CLANG_WARN_STRICT_PROTOTYPES = YES;
				CLANG_WARN_SUSPICIOUS_MOVE = YES;
				CLANG_WARN_UNGUARDED_AVAILABILITY = YES_AGGRESSIVE;
				CLANG_WARN_UNREACHABLE_CODE = YES;
				CLANG_WARN__DUPLICATE_METHOD_MATCH = YES;
				COPY_PHASE_STRIP = NO;
				DEBUG_INFORMATION_FORMAT = "dwarf-with-dsym";
				ENABLE_NS_ASSERTIONS = NO;
				ENABLE_STRICT_OBJC_MSGSEND = YES;
				GCC_C_LANGUAGE_STANDARD = gnu11;
				GCC_NO_COMMON_BLOCKS = YES;
				GCC_WARN_64_TO_32_BIT_CONVERSION = YES;
				GCC_WARN_ABOUT_RETURN_TYPE = YES_ERROR;
				GCC_WARN_UNDECLARED_SELECTOR = YES;
				GCC_WARN_UNINITIALIZED_AUTOS = YES_AGGRESSIVE;
				GCC_WARN_UNUSED_FUNCTION = YES;
				GCC_WARN_UNUSED_VARIABLE = YES;
				IPHONEOS_DEPLOYMENT_TARGET = 15.0;
				MTL_ENABLE_DEBUG_INFO = NO;
				MTL_FAST_MATH = YES;
				SDKROOT = iphoneos;
				SWIFT_COMPILATION_MODE = wholemodule;
				SWIFT_OPTIMIZATION_LEVEL = "-O";
				VALIDATE_PRODUCT = YES;
			};
			name = Release;
		};
		852D20B327738E9700B74CFF /* Debug */ = {
			isa = XCBuildConfiguration;
			buildSettings = {
				ASSETCATALOG_COMPILER_APPICON_NAME = AppIcon;
				ASSETCATALOG_COMPILER_GLOBAL_ACCENT_COLOR_NAME = AccentColor;
				CODE_SIGN_STYLE = Automatic;
				CURRENT_PROJECT_VERSION = 1;
				DEVELOPMENT_TEAM = T94XUBZ99A;
				GENERATE_INFOPLIST_FILE = YES;
				INFOPLIST_FILE = HW_2.7/App/Info.plist;
				INFOPLIST_KEY_UIApplicationSupportsIndirectInputEvents = YES;
				INFOPLIST_KEY_UILaunchStoryboardName = LaunchScreen;
				INFOPLIST_KEY_UIMainStoryboardFile = Main;
				INFOPLIST_KEY_UISupportedInterfaceOrientations_iPad = "UIInterfaceOrientationPortrait UIInterfaceOrientationPortraitUpsideDown UIInterfaceOrientationLandscapeLeft UIInterfaceOrientationLandscapeRight";
				INFOPLIST_KEY_UISupportedInterfaceOrientations_iPhone = "UIInterfaceOrientationPortrait UIInterfaceOrientationLandscapeLeft UIInterfaceOrientationLandscapeRight";
				LD_RUNPATH_SEARCH_PATHS = (
					"$(inherited)",
					"@executable_path/Frameworks",
				);
				MARKETING_VERSION = 1.0;
				PRODUCT_BUNDLE_IDENTIFIER = "Maker.HW-2-7";
				PRODUCT_NAME = "$(TARGET_NAME)";
				SWIFT_EMIT_LOC_STRINGS = YES;
				SWIFT_VERSION = 5.0;
				TARGETED_DEVICE_FAMILY = 1;
			};
			name = Debug;
		};
		852D20B427738E9700B74CFF /* Release */ = {
			isa = XCBuildConfiguration;
			buildSettings = {
				ASSETCATALOG_COMPILER_APPICON_NAME = AppIcon;
				ASSETCATALOG_COMPILER_GLOBAL_ACCENT_COLOR_NAME = AccentColor;
				CODE_SIGN_STYLE = Automatic;
				CURRENT_PROJECT_VERSION = 1;
				DEVELOPMENT_TEAM = T94XUBZ99A;
				GENERATE_INFOPLIST_FILE = YES;
				INFOPLIST_FILE = HW_2.7/App/Info.plist;
				INFOPLIST_KEY_UIApplicationSupportsIndirectInputEvents = YES;
				INFOPLIST_KEY_UILaunchStoryboardName = LaunchScreen;
				INFOPLIST_KEY_UIMainStoryboardFile = Main;
				INFOPLIST_KEY_UISupportedInterfaceOrientations_iPad = "UIInterfaceOrientationPortrait UIInterfaceOrientationPortraitUpsideDown UIInterfaceOrientationLandscapeLeft UIInterfaceOrientationLandscapeRight";
				INFOPLIST_KEY_UISupportedInterfaceOrientations_iPhone = "UIInterfaceOrientationPortrait UIInterfaceOrientationLandscapeLeft UIInterfaceOrientationLandscapeRight";
				LD_RUNPATH_SEARCH_PATHS = (
					"$(inherited)",
					"@executable_path/Frameworks",
				);
				MARKETING_VERSION = 1.0;
				PRODUCT_BUNDLE_IDENTIFIER = "Maker.HW-2-7";
				PRODUCT_NAME = "$(TARGET_NAME)";
				SWIFT_EMIT_LOC_STRINGS = YES;
				SWIFT_VERSION = 5.0;
				TARGETED_DEVICE_FAMILY = 1;
			};
			name = Release;
		};
/* End XCBuildConfiguration section */

/* Begin XCConfigurationList section */
		852D209927738E8F00B74CFF /* Build configuration list for PBXProject "HW_2.7" */ = {
			isa = XCConfigurationList;
			buildConfigurations = (
				852D20B027738E9700B74CFF /* Debug */,
				852D20B127738E9700B74CFF /* Release */,
			);
			defaultConfigurationIsVisible = 0;
			defaultConfigurationName = Release;
		};
		852D20B227738E9700B74CFF /* Build configuration list for PBXNativeTarget "HW_2.7" */ = {
			isa = XCConfigurationList;
			buildConfigurations = (
				852D20B327738E9700B74CFF /* Debug */,
				852D20B427738E9700B74CFF /* Release */,
			);
			defaultConfigurationIsVisible = 0;
			defaultConfigurationName = Release;
		};
/* End XCConfigurationList section */
	};
	rootObject = 852D209627738E8F00B74CFF /* Project object */;
}
