// !$*UTF8*$!
{
	archiveVersion = 1;
	classes = {
	};
	objectVersion = 55;
	objects = {

/* Begin PBXBuildFile section */
		85EA4EDA279E682E00D021C5 /* AppDelegate.swift in Sources */ = {isa = PBXBuildFile; fileRef = 85EA4ED9279E682E00D021C5 /* AppDelegate.swift */; };
		85EA4EDC279E682E00D021C5 /* SceneDelegate.swift in Sources */ = {isa = PBXBuildFile; fileRef = 85EA4EDB279E682E00D021C5 /* SceneDelegate.swift */; };
		85EA4EE1279E682E00D021C5 /* Main.storyboard in Resources */ = {isa = PBXBuildFile; fileRef = 85EA4EDF279E682E00D021C5 /* Main.storyboard */; };
		85EA4EE4279E682E00D021C5 /* HW_2_14.xcdatamodeld in Sources */ = {isa = PBXBuildFile; fileRef = 85EA4EE2279E682E00D021C5 /* HW_2_14.xcdatamodeld */; };
		85EA4EE6279E683000D021C5 /* Assets.xcassets in Resources */ = {isa = PBXBuildFile; fileRef = 85EA4EE5279E683000D021C5 /* Assets.xcassets */; };
		85EA4EE9279E683000D021C5 /* LaunchScreen.storyboard in Resources */ = {isa = PBXBuildFile; fileRef = 85EA4EE7279E683000D021C5 /* LaunchScreen.storyboard */; };
		85EA4EF6279E69D600D021C5 /* TaskListViewController.swift in Sources */ = {isa = PBXBuildFile; fileRef = 85EA4EF5279E69D600D021C5 /* TaskListViewController.swift */; };
		85EA4EF8279E69EA00D021C5 /* TasksViewController.swift in Sources */ = {isa = PBXBuildFile; fileRef = 85EA4EF7279E69EA00D021C5 /* TasksViewController.swift */; };
/* End PBXBuildFile section */

/* Begin PBXFileReference section */
		85EA4ED6279E682E00D021C5 /* HW_2.14.app */ = {isa = PBXFileReference; explicitFileType = wrapper.application; includeInIndex = 0; path = HW_2.14.app; sourceTree = BUILT_PRODUCTS_DIR; };
		85EA4ED9279E682E00D021C5 /* AppDelegate.swift */ = {isa = PBXFileReference; lastKnownFileType = sourcecode.swift; path = AppDelegate.swift; sourceTree = "<group>"; };
		85EA4EDB279E682E00D021C5 /* SceneDelegate.swift */ = {isa = PBXFileReference; lastKnownFileType = sourcecode.swift; path = SceneDelegate.swift; sourceTree = "<group>"; };
		85EA4EE0279E682E00D021C5 /* Base */ = {isa = PBXFileReference; lastKnownFileType = file.storyboard; name = Base; path = Base.lproj/Main.storyboard; sourceTree = "<group>"; };
		85EA4EE3279E682E00D021C5 /* HW_2_14.xcdatamodel */ = {isa = PBXFileReference; lastKnownFileType = wrapper.xcdatamodel; path = HW_2_14.xcdatamodel; sourceTree = "<group>"; };
		85EA4EE5279E683000D021C5 /* Assets.xcassets */ = {isa = PBXFileReference; lastKnownFileType = folder.assetcatalog; path = Assets.xcassets; sourceTree = "<group>"; };
		85EA4EE8279E683000D021C5 /* Base */ = {isa = PBXFileReference; lastKnownFileType = file.storyboard; name = Base; path = Base.lproj/LaunchScreen.storyboard; sourceTree = "<group>"; };
		85EA4EEA279E683000D021C5 /* Info.plist */ = {isa = PBXFileReference; lastKnownFileType = text.plist.xml; path = Info.plist; sourceTree = "<group>"; };
		85EA4EF5279E69D600D021C5 /* TaskListViewController.swift */ = {isa = PBXFileReference; lastKnownFileType = sourcecode.swift; path = TaskListViewController.swift; sourceTree = "<group>"; };
		85EA4EF7279E69EA00D021C5 /* TasksViewController.swift */ = {isa = PBXFileReference; lastKnownFileType = sourcecode.swift; path = TasksViewController.swift; sourceTree = "<group>"; };
/* End PBXFileReference section */

/* Begin PBXFrameworksBuildPhase section */
		85EA4ED3279E682E00D021C5 /* Frameworks */ = {
			isa = PBXFrameworksBuildPhase;
			buildActionMask = 2147483647;
			files = (
			);
			runOnlyForDeploymentPostprocessing = 0;
		};
/* End PBXFrameworksBuildPhase section */

/* Begin PBXGroup section */
		85EA4ECD279E682E00D021C5 = {
			isa = PBXGroup;
			children = (
				85EA4ED8279E682E00D021C5 /* HW_2.14 */,
				85EA4ED7279E682E00D021C5 /* Products */,
			);
			sourceTree = "<group>";
		};
		85EA4ED7279E682E00D021C5 /* Products */ = {
			isa = PBXGroup;
			children = (
				85EA4ED6279E682E00D021C5 /* HW_2.14.app */,
			);
			name = Products;
			sourceTree = "<group>";
		};
		85EA4ED8279E682E00D021C5 /* HW_2.14 */ = {
			isa = PBXGroup;
			children = (
				85EA4EF0279E687C00D021C5 /* App */,
				85EA4EF2279E689300D021C5 /* View Controllers */,
				85EA4EF1279E688800D021C5 /* StoryBoards */,
				85EA4EF3279E689D00D021C5 /* Resources */,
				85EA4EF4279E68A600D021C5 /* Storage Manager */,
			);
			path = HW_2.14;
			sourceTree = "<group>";
		};
		85EA4EF0279E687C00D021C5 /* App */ = {
			isa = PBXGroup;
			children = (
				85EA4ED9279E682E00D021C5 /* AppDelegate.swift */,
				85EA4EDB279E682E00D021C5 /* SceneDelegate.swift */,
				85EA4EEA279E683000D021C5 /* Info.plist */,
			);
			path = App;
			sourceTree = "<group>";
		};
		85EA4EF1279E688800D021C5 /* StoryBoards */ = {
			isa = PBXGroup;
			children = (
				85EA4EDF279E682E00D021C5 /* Main.storyboard */,
				85EA4EE7279E683000D021C5 /* LaunchScreen.storyboard */,
			);
			path = StoryBoards;
			sourceTree = "<group>";
		};
		85EA4EF2279E689300D021C5 /* View Controllers */ = {
			isa = PBXGroup;
			children = (
				85EA4EF5279E69D600D021C5 /* TaskListViewController.swift */,
				85EA4EF7279E69EA00D021C5 /* TasksViewController.swift */,
			);
			path = "View Controllers";
			sourceTree = "<group>";
		};
		85EA4EF3279E689D00D021C5 /* Resources */ = {
			isa = PBXGroup;
			children = (
				85EA4EE5279E683000D021C5 /* Assets.xcassets */,
			);
			path = Resources;
			sourceTree = "<group>";
		};
		85EA4EF4279E68A600D021C5 /* Storage Manager */ = {
			isa = PBXGroup;
			children = (
				85EA4EE2279E682E00D021C5 /* HW_2_14.xcdatamodeld */,
			);
			path = "Storage Manager";
			sourceTree = "<group>";
		};
/* End PBXGroup section */

/* Begin PBXNativeTarget section */
		85EA4ED5279E682E00D021C5 /* HW_2.14 */ = {
			isa = PBXNativeTarget;
			buildConfigurationList = 85EA4EED279E683000D021C5 /* Build configuration list for PBXNativeTarget "HW_2.14" */;
			buildPhases = (
				85EA4ED2279E682E00D021C5 /* Sources */,
				85EA4ED3279E682E00D021C5 /* Frameworks */,
				85EA4ED4279E682E00D021C5 /* Resources */,
			);
			buildRules = (
			);
			dependencies = (
			);
			name = HW_2.14;
			productName = HW_2.14;
			productReference = 85EA4ED6279E682E00D021C5 /* HW_2.14.app */;
			productType = "com.apple.product-type.application";
		};
/* End PBXNativeTarget section */

/* Begin PBXProject section */
		85EA4ECE279E682E00D021C5 /* Project object */ = {
			isa = PBXProject;
			attributes = {
				BuildIndependentTargetsInParallel = 1;
				LastSwiftUpdateCheck = 1320;
				LastUpgradeCheck = 1320;
				TargetAttributes = {
					85EA4ED5279E682E00D021C5 = {
						CreatedOnToolsVersion = 13.2.1;
					};
				};
			};
			buildConfigurationList = 85EA4ED1279E682E00D021C5 /* Build configuration list for PBXProject "HW_2.14" */;
			compatibilityVersion = "Xcode 13.0";
			developmentRegion = en;
			hasScannedForEncodings = 0;
			knownRegions = (
				en,
				Base,
			);
			mainGroup = 85EA4ECD279E682E00D021C5;
			productRefGroup = 85EA4ED7279E682E00D021C5 /* Products */;
			projectDirPath = "";
			projectRoot = "";
			targets = (
				85EA4ED5279E682E00D021C5 /* HW_2.14 */,
			);
		};
/* End PBXProject section */

/* Begin PBXResourcesBuildPhase section */
		85EA4ED4279E682E00D021C5 /* Resources */ = {
			isa = PBXResourcesBuildPhase;
			buildActionMask = 2147483647;
			files = (
				85EA4EE9279E683000D021C5 /* LaunchScreen.storyboard in Resources */,
				85EA4EE6279E683000D021C5 /* Assets.xcassets in Resources */,
				85EA4EE1279E682E00D021C5 /* Main.storyboard in Resources */,
			);
			runOnlyForDeploymentPostprocessing = 0;
		};
/* End PBXResourcesBuildPhase section */

/* Begin PBXSourcesBuildPhase section */
		85EA4ED2279E682E00D021C5 /* Sources */ = {
			isa = PBXSourcesBuildPhase;
			buildActionMask = 2147483647;
			files = (
				85EA4EE4279E682E00D021C5 /* HW_2_14.xcdatamodeld in Sources */,
				85EA4EF6279E69D600D021C5 /* TaskListViewController.swift in Sources */,
				85EA4EF8279E69EA00D021C5 /* TasksViewController.swift in Sources */,
				85EA4EDA279E682E00D021C5 /* AppDelegate.swift in Sources */,
				85EA4EDC279E682E00D021C5 /* SceneDelegate.swift in Sources */,
			);
			runOnlyForDeploymentPostprocessing = 0;
		};
/* End PBXSourcesBuildPhase section */

/* Begin PBXVariantGroup section */
		85EA4EDF279E682E00D021C5 /* Main.storyboard */ = {
			isa = PBXVariantGroup;
			children = (
				85EA4EE0279E682E00D021C5 /* Base */,
			);
			name = Main.storyboard;
			sourceTree = "<group>";
		};
		85EA4EE7279E683000D021C5 /* LaunchScreen.storyboard */ = {
			isa = PBXVariantGroup;
			children = (
				85EA4EE8279E683000D021C5 /* Base */,
			);
			name = LaunchScreen.storyboard;
			sourceTree = "<group>";
		};
/* End PBXVariantGroup section */

/* Begin XCBuildConfiguration section */
		85EA4EEB279E683000D021C5 /* Debug */ = {
			isa = XCBuildConfiguration;
			buildSettings = {
				ALWAYS_SEARCH_USER_PATHS = NO;
				CLANG_ANALYZER_NONNULL = YES;
				CLANG_ANALYZER_NUMBER_OBJECT_CONVERSION = YES_AGGRESSIVE;
				CLANG_CXX_LANGUAGE_STANDARD = "gnu++17";
				CLANG_CXX_LIBRARY = "libc++";
				CLANG_ENABLE_MODULES = YES;
				CLANG_ENABLE_OBJC_ARC = YES;
				CLANG_ENABLE_OBJC_WEAK = YES;
				CLANG_WARN_BLOCK_CAPTURE_AUTORELEASING = YES;
				CLANG_WARN_BOOL_CONVERSION = YES;
				CLANG_WARN_COMMA = YES;
				CLANG_WARN_CONSTANT_CONVERSION = YES;
				CLANG_WARN_DEPRECATED_OBJC_IMPLEMENTATIONS = YES;
				CLANG_WARN_DIRECT_OBJC_ISA_USAGE = YES_ERROR;
				CLANG_WARN_DOCUMENTATION_COMMENTS = YES;
				CLANG_WARN_EMPTY_BODY = YES;
				CLANG_WARN_ENUM_CONVERSION = YES;
				CLANG_WARN_INFINITE_RECURSION = YES;
				CLANG_WARN_INT_CONVERSION = YES;
				CLANG_WARN_NON_LITERAL_NULL_CONVERSION = YES;
				CLANG_WARN_OBJC_IMPLICIT_RETAIN_SELF = YES;
				CLANG_WARN_OBJC_LITERAL_CONVERSION = YES;
				CLANG_WARN_OBJC_ROOT_CLASS = YES_ERROR;
				CLANG_WARN_QUOTED_INCLUDE_IN_FRAMEWORK_HEADER = YES;
				CLANG_WARN_RANGE_LOOP_ANALYSIS = YES;
				CLANG_WARN_STRICT_PROTOTYPES = YES;
				CLANG_WARN_SUSPICIOUS_MOVE = YES;
				CLANG_WARN_UNGUARDED_AVAILABILITY = YES_AGGRESSIVE;
				CLANG_WARN_UNREACHABLE_CODE = YES;
				CLANG_WARN__DUPLICATE_METHOD_MATCH = YES;
				COPY_PHASE_STRIP = NO;
				DEBUG_INFORMATION_FORMAT = dwarf;
				ENABLE_STRICT_OBJC_MSGSEND = YES;
				ENABLE_TESTABILITY = YES;
				GCC_C_LANGUAGE_STANDARD = gnu11;
				GCC_DYNAMIC_NO_PIC = NO;
				GCC_NO_COMMON_BLOCKS = YES;
				GCC_OPTIMIZATION_LEVEL = 0;
				GCC_PREPROCESSOR_DEFINITIONS = (
					"DEBUG=1",
					"$(inherited)",
				);
				GCC_WARN_64_TO_32_BIT_CONVERSION = YES;
				GCC_WARN_ABOUT_RETURN_TYPE = YES_ERROR;
				GCC_WARN_UNDECLARED_SELECTOR = YES;
				GCC_WARN_UNINITIALIZED_AUTOS = YES_AGGRESSIVE;
				GCC_WARN_UNUSED_FUNCTION = YES;
				GCC_WARN_UNUSED_VARIABLE = YES;
				IPHONEOS_DEPLOYMENT_TARGET = 15.2;
				MTL_ENABLE_DEBUG_INFO = INCLUDE_SOURCE;
				MTL_FAST_MATH = YES;
				ONLY_ACTIVE_ARCH = YES;
				SDKROOT = iphoneos;
				SWIFT_ACTIVE_COMPILATION_CONDITIONS = DEBUG;
				SWIFT_OPTIMIZATION_LEVEL = "-Onone";
			};
			name = Debug;
		};
		85EA4EEC279E683000D021C5 /* Release */ = {
			isa = XCBuildConfiguration;
			buildSettings = {
				ALWAYS_SEARCH_USER_PATHS = NO;
				CLANG_ANALYZER_NONNULL = YES;
				CLANG_ANALYZER_NUMBER_OBJECT_CONVERSION = YES_AGGRESSIVE;
				CLANG_CXX_LANGUAGE_STANDARD = "gnu++17";
				CLANG_CXX_LIBRARY = "libc++";
				CLANG_ENABLE_MODULES = YES;
				CLANG_ENABLE_OBJC_ARC = YES;
				CLANG_ENABLE_OBJC_WEAK = YES;
				CLANG_WARN_BLOCK_CAPTURE_AUTORELEASING = YES;
				CLANG_WARN_BOOL_CONVERSION = YES;
				CLANG_WARN_COMMA = YES;
				CLANG_WARN_CONSTANT_CONVERSION = YES;
				CLANG_WARN_DEPRECATED_OBJC_IMPLEMENTATIONS = YES;
				CLANG_WARN_DIRECT_OBJC_ISA_USAGE = YES_ERROR;
				CLANG_WARN_DOCUMENTATION_COMMENTS = YES;
				CLANG_WARN_EMPTY_BODY = YES;
				CLANG_WARN_ENUM_CONVERSION = YES;
				CLANG_WARN_INFINITE_RECURSION = YES;
				CLANG_WARN_INT_CONVERSION = YES;
				CLANG_WARN_NON_LITERAL_NULL_CONVERSION = YES;
				CLANG_WARN_OBJC_IMPLICIT_RETAIN_SELF = YES;
				CLANG_WARN_OBJC_LITERAL_CONVERSION = YES;
				CLANG_WARN_OBJC_ROOT_CLASS = YES_ERROR;
				CLANG_WARN_QUOTED_INCLUDE_IN_FRAMEWORK_HEADER = YES;
				CLANG_WARN_RANGE_LOOP_ANALYSIS = YES;
				CLANG_WARN_STRICT_PROTOTYPES = YES;
				CLANG_WARN_SUSPICIOUS_MOVE = YES;
				CLANG_WARN_UNGUARDED_AVAILABILITY = YES_AGGRESSIVE;
				CLANG_WARN_UNREACHABLE_CODE = YES;
				CLANG_WARN__DUPLICATE_METHOD_MATCH = YES;
				COPY_PHASE_STRIP = NO;
				DEBUG_INFORMATION_FORMAT = "dwarf-with-dsym";
				ENABLE_NS_ASSERTIONS = NO;
				ENABLE_STRICT_OBJC_MSGSEND = YES;
				GCC_C_LANGUAGE_STANDARD = gnu11;
				GCC_NO_COMMON_BLOCKS = YES;
				GCC_WARN_64_TO_32_BIT_CONVERSION = YES;
				GCC_WARN_ABOUT_RETURN_TYPE = YES_ERROR;
				GCC_WARN_UNDECLARED_SELECTOR = YES;
				GCC_WARN_UNINITIALIZED_AUTOS = YES_AGGRESSIVE;
				GCC_WARN_UNUSED_FUNCTION = YES;
				GCC_WARN_UNUSED_VARIABLE = YES;
				IPHONEOS_DEPLOYMENT_TARGET = 15.2;
				MTL_ENABLE_DEBUG_INFO = NO;
				MTL_FAST_MATH = YES;
				SDKROOT = iphoneos;
				SWIFT_COMPILATION_MODE = wholemodule;
				SWIFT_OPTIMIZATION_LEVEL = "-O";
				VALIDATE_PRODUCT = YES;
			};
			name = Release;
		};
		85EA4EEE279E683000D021C5 /* Debug */ = {
			isa = XCBuildConfiguration;
			buildSettings = {
				ASSETCATALOG_COMPILER_APPICON_NAME = AppIcon;
				ASSETCATALOG_COMPILER_GLOBAL_ACCENT_COLOR_NAME = AccentColor;
				CODE_SIGN_STYLE = Automatic;
				CURRENT_PROJECT_VERSION = 1;
				DEVELOPMENT_TEAM = T94XUBZ99A;
				GENERATE_INFOPLIST_FILE = YES;
				INFOPLIST_FILE = HW_2.14/App/Info.plist;
				INFOPLIST_KEY_UIApplicationSupportsIndirectInputEvents = YES;
				INFOPLIST_KEY_UILaunchStoryboardName = LaunchScreen;
				INFOPLIST_KEY_UIMainStoryboardFile = Main;
				INFOPLIST_KEY_UISupportedInterfaceOrientations_iPad = "UIInterfaceOrientationPortrait UIInterfaceOrientationPortraitUpsideDown UIInterfaceOrientationLandscapeLeft UIInterfaceOrientationLandscapeRight";
				INFOPLIST_KEY_UISupportedInterfaceOrientations_iPhone = "UIInterfaceOrientationPortrait UIInterfaceOrientationLandscapeLeft UIInterfaceOrientationLandscapeRight";
				IPHONEOS_DEPLOYMENT_TARGET = 15.0;
				LD_RUNPATH_SEARCH_PATHS = (
					"$(inherited)",
					"@executable_path/Frameworks",
				);
				MARKETING_VERSION = 1.0;
				PRODUCT_BUNDLE_IDENTIFIER = "Maker.HW-2-14";
				PRODUCT_NAME = "$(TARGET_NAME)";
				SWIFT_EMIT_LOC_STRINGS = YES;
				SWIFT_VERSION = 5.0;
				TARGETED_DEVICE_FAMILY = 1;
			};
			name = Debug;
		};
		85EA4EEF279E683000D021C5 /* Release */ = {
			isa = XCBuildConfiguration;
			buildSettings = {
				ASSETCATALOG_COMPILER_APPICON_NAME = AppIcon;
				ASSETCATALOG_COMPILER_GLOBAL_ACCENT_COLOR_NAME = AccentColor;
				CODE_SIGN_STYLE = Automatic;
				CURRENT_PROJECT_VERSION = 1;
				DEVELOPMENT_TEAM = T94XUBZ99A;
				GENERATE_INFOPLIST_FILE = YES;
				INFOPLIST_FILE = HW_2.14/App/Info.plist;
				INFOPLIST_KEY_UIApplicationSupportsIndirectInputEvents = YES;
				INFOPLIST_KEY_UILaunchStoryboardName = LaunchScreen;
				INFOPLIST_KEY_UIMainStoryboardFile = Main;
				INFOPLIST_KEY_UISupportedInterfaceOrientations_iPad = "UIInterfaceOrientationPortrait UIInterfaceOrientationPortraitUpsideDown UIInterfaceOrientationLandscapeLeft UIInterfaceOrientationLandscapeRight";
				INFOPLIST_KEY_UISupportedInterfaceOrientations_iPhone = "UIInterfaceOrientationPortrait UIInterfaceOrientationLandscapeLeft UIInterfaceOrientationLandscapeRight";
				IPHONEOS_DEPLOYMENT_TARGET = 15.0;
				LD_RUNPATH_SEARCH_PATHS = (
					"$(inherited)",
					"@executable_path/Frameworks",
				);
				MARKETING_VERSION = 1.0;
				PRODUCT_BUNDLE_IDENTIFIER = "Maker.HW-2-14";
				PRODUCT_NAME = "$(TARGET_NAME)";
				SWIFT_EMIT_LOC_STRINGS = YES;
				SWIFT_VERSION = 5.0;
				TARGETED_DEVICE_FAMILY = 1;
			};
			name = Release;
		};
/* End XCBuildConfiguration section */

/* Begin XCConfigurationList section */
		85EA4ED1279E682E00D021C5 /* Build configuration list for PBXProject "HW_2.14" */ = {
			isa = XCConfigurationList;
			buildConfigurations = (
				85EA4EEB279E683000D021C5 /* Debug */,
				85EA4EEC279E683000D021C5 /* Release */,
			);
			defaultConfigurationIsVisible = 0;
			defaultConfigurationName = Release;
		};
		85EA4EED279E683000D021C5 /* Build configuration list for PBXNativeTarget "HW_2.14" */ = {
			isa = XCConfigurationList;
			buildConfigurations = (
				85EA4EEE279E683000D021C5 /* Debug */,
				85EA4EEF279E683000D021C5 /* Release */,
			);
			defaultConfigurationIsVisible = 0;
			defaultConfigurationName = Release;
		};
/* End XCConfigurationList section */

/* Begin XCVersionGroup section */
		85EA4EE2279E682E00D021C5 /* HW_2_14.xcdatamodeld */ = {
			isa = XCVersionGroup;
			children = (
				85EA4EE3279E682E00D021C5 /* HW_2_14.xcdatamodel */,
			);
			currentVersion = 85EA4EE3279E682E00D021C5 /* HW_2_14.xcdatamodel */;
			path = HW_2_14.xcdatamodeld;
			sourceTree = "<group>";
			versionGroupType = wrapper.xcdatamodel;
		};
/* End XCVersionGroup section */
	};
	rootObject = 85EA4ECE279E682E00D021C5 /* Project object */;
}
